
Microsoft Visual Studio Solution File, Format Version 12.00
# Visual Studio Version 16
VisualStudioVersion = 16.0.30011.22
MinimumVisualStudioVersion = 10.0.40219.1
Project("{9A19103F-16F7-4668-BE54-9A1E7A4F7556}") = "NKnife.Sweetting", "NKnife.Sweetting\NKnife.Sweetting.csproj", "{CA81EFB9-D1E2-46E2-B2FB-B86B6321C9D8}"
EndProject
Project("{FAE04EC0-301F-11D3-BF4B-00C04F79EFBC}") = "Example.ConsoleApp", "Example.ConsoleApp\Example.ConsoleApp.csproj", "{CE5AA87C-685F-48C4-88D7-226E1EA8DFC3}"
EndProject
Global
	GlobalSection(SolutionConfigurationPlatforms) = preSolution
		Debug|Any CPU = Debug|Any CPU
		Release|Any CPU = Release|Any CPU
	EndGlobalSection
	GlobalSection(ProjectConfigurationPlatforms) = postSolution
		{CA81EFB9-D1E2-46E2-B2FB-B86B6321C9D8}.Debug|Any CPU.ActiveCfg = Debug|Any CPU
		{CA81EFB9-D1E2-46E2-B2FB-B86B6321C9D8}.Debug|Any CPU.Build.0 = Debug|Any CPU
		{CA81EFB9-D1E2-46E2-B2FB-B86B6321C9D8}.Release|Any CPU.ActiveCfg = Release|Any CPU
		{CA81EFB9-D1E2-46E2-B2FB-B86B6321C9D8}.Release|Any CPU.Build.0 = Release|Any CPU
		{CE5AA87C-685F-48C4-88D7-226E1EA8DFC3}.Debug|Any CPU.ActiveCfg = Debug|Any CPU
		{CE5AA87C-685F-48C4-88D7-226E1EA8DFC3}.Debug|Any CPU.Build.0 = Debug|Any CPU
		{CE5AA87C-685F-48C4-88D7-226E1EA8DFC3}.Release|Any CPU.ActiveCfg = Release|Any CPU
		{CE5AA87C-685F-48C4-88D7-226E1EA8DFC3}.Release|Any CPU.Build.0 = Release|Any CPU
	EndGlobalSection
	GlobalSection(SolutionProperties) = preSolution
		HideSolutionNode = FALSE
	EndGlobalSection
	GlobalSection(ExtensibilityGlobals) = postSolution
		SolutionGuid = {678DC656-7FAF-42D8-82C3-C73B7FF648F9}
	EndGlobalSection
EndGlobal
